
Microsoft Visual Studio Solution File, Format Version 12.00
# Visual Studio 15
VisualStudioVersion = 15.0.26730.15
MinimumVisualStudioVersion = 10.0.40219.1
Project("{FAE04EC0-301F-11D3-BF4B-00C04F79EFBC}") = "Projeto4 - Substring - Ativ 5", "Projeto4 - Substring - Ativ 5\Projeto4 - Substring - Ativ 5.csproj", "{D209A8C8-0DF5-4722-97A4-27E36F0F4C40}"
EndProject
Global
	GlobalSection(SolutionConfigurationPlatforms) = preSolution
		Debug|Any CPU = Debug|Any CPU
		Release|Any CPU = Release|Any CPU
	EndGlobalSection
	GlobalSection(ProjectConfigurationPlatforms) = postSolution
		{D209A8C8-0DF5-4722-97A4-27E36F0F4C40}.Debug|Any CPU.ActiveCfg = Debug|Any CPU
		{D209A8C8-0DF5-4722-97A4-27E36F0F4C40}.Debug|Any CPU.Build.0 = Debug|Any CPU
		{D209A8C8-0DF5-4722-97A4-27E36F0F4C40}.Release|Any CPU.ActiveCfg = Release|Any CPU
		{D209A8C8-0DF5-4722-97A4-27E36F0F4C40}.Release|Any CPU.Build.0 = Release|Any CPU
	EndGlobalSection
	GlobalSection(SolutionProperties) = preSolution
		HideSolutionNode = FALSE
	EndGlobalSection
	GlobalSection(ExtensibilityGlobals) = postSolution
		SolutionGuid = {08848BE3-C840-49D0-A6A4-CB05FFFE7447}
	EndGlobalSection
EndGlobal
