
Microsoft Visual Studio Solution File, Format Version 12.00
# Visual Studio 14
VisualStudioVersion = 14.0.24720.0
MinimumVisualStudioVersion = 10.0.40219.1
Project("{FAE04EC0-301F-11D3-BF4B-00C04F79EFBC}") = "Visual Critter2", "Visual Critter2\Visual Critter2.csproj", "{2FDA0563-741A-4A20-8D4D-650028E4159F}"
EndProject
Global
	GlobalSection(SolutionConfigurationPlatforms) = preSolution
		Debug|Any CPU = Debug|Any CPU
		Release|Any CPU = Release|Any CPU
	EndGlobalSection
	GlobalSection(ProjectConfigurationPlatforms) = postSolution
		{2FDA0563-741A-4A20-8D4D-650028E4159F}.Debug|Any CPU.ActiveCfg = Debug|Any CPU
		{2FDA0563-741A-4A20-8D4D-650028E4159F}.Debug|Any CPU.Build.0 = Debug|Any CPU
		{2FDA0563-741A-4A20-8D4D-650028E4159F}.Release|Any CPU.ActiveCfg = Release|Any CPU
		{2FDA0563-741A-4A20-8D4D-650028E4159F}.Release|Any CPU.Build.0 = Release|Any CPU
	EndGlobalSection
	GlobalSection(SolutionProperties) = preSolution
		HideSolutionNode = FALSE
	EndGlobalSection
EndGlobal
