
Microsoft Visual Studio Solution File, Format Version 12.00
# Visual Studio 15
VisualStudioVersion = 15.0.26730.10
MinimumVisualStudioVersion = 10.0.40219.1
Project("{FAE04EC0-301F-11D3-BF4B-00C04F79EFBC}") = "Numerador_Denominador", "Numerador_Denominador\Numerador_Denominador.csproj", "{9D66C6DF-002C-43A5-A08C-75721D5BA681}"
EndProject
Global
	GlobalSection(SolutionConfigurationPlatforms) = preSolution
		Debug|Any CPU = Debug|Any CPU
		Release|Any CPU = Release|Any CPU
	EndGlobalSection
	GlobalSection(ProjectConfigurationPlatforms) = postSolution
		{9D66C6DF-002C-43A5-A08C-75721D5BA681}.Debug|Any CPU.ActiveCfg = Debug|Any CPU
		{9D66C6DF-002C-43A5-A08C-75721D5BA681}.Debug|Any CPU.Build.0 = Debug|Any CPU
		{9D66C6DF-002C-43A5-A08C-75721D5BA681}.Release|Any CPU.ActiveCfg = Release|Any CPU
		{9D66C6DF-002C-43A5-A08C-75721D5BA681}.Release|Any CPU.Build.0 = Release|Any CPU
	EndGlobalSection
	GlobalSection(SolutionProperties) = preSolution
		HideSolutionNode = FALSE
	EndGlobalSection
	GlobalSection(ExtensibilityGlobals) = postSolution
		SolutionGuid = {946CCA88-5832-4FA6-88CC-D5BA1B6434F8}
	EndGlobalSection
EndGlobal
