
Microsoft Visual Studio Solution File, Format Version 12.00
# Visual Studio 15
VisualStudioVersion = 15.0.26730.10
MinimumVisualStudioVersion = 10.0.40219.1
Project("{FAE04EC0-301F-11D3-BF4B-00C04F79EFBC}") = "Calculo de Seguro", "Calculo de Seguro\Calculo de Seguro.csproj", "{988D4944-3FF9-4808-82A8-2279386AA190}"
EndProject
Global
	GlobalSection(SolutionConfigurationPlatforms) = preSolution
		Debug|Any CPU = Debug|Any CPU
		Release|Any CPU = Release|Any CPU
	EndGlobalSection
	GlobalSection(ProjectConfigurationPlatforms) = postSolution
		{988D4944-3FF9-4808-82A8-2279386AA190}.Debug|Any CPU.ActiveCfg = Debug|Any CPU
		{988D4944-3FF9-4808-82A8-2279386AA190}.Debug|Any CPU.Build.0 = Debug|Any CPU
		{988D4944-3FF9-4808-82A8-2279386AA190}.Release|Any CPU.ActiveCfg = Release|Any CPU
		{988D4944-3FF9-4808-82A8-2279386AA190}.Release|Any CPU.Build.0 = Release|Any CPU
	EndGlobalSection
	GlobalSection(SolutionProperties) = preSolution
		HideSolutionNode = FALSE
	EndGlobalSection
	GlobalSection(ExtensibilityGlobals) = postSolution
		SolutionGuid = {95985A69-D99A-488B-8C1E-FDAF1B4AEE51}
	EndGlobalSection
EndGlobal
