
Microsoft Visual Studio Solution File, Format Version 12.00
# Visual Studio 15
VisualStudioVersion = 15.0.26730.10
MinimumVisualStudioVersion = 10.0.40219.1
Project("{FAE04EC0-301F-11D3-BF4B-00C04F79EFBC}") = "Conversor de Moedas", "Conversor de Moedas\Conversor de Moedas.csproj", "{9A0207D4-6246-4E73-8024-582FB4F25CD2}"
EndProject
Global
	GlobalSection(SolutionConfigurationPlatforms) = preSolution
		Debug|Any CPU = Debug|Any CPU
		Release|Any CPU = Release|Any CPU
	EndGlobalSection
	GlobalSection(ProjectConfigurationPlatforms) = postSolution
		{9A0207D4-6246-4E73-8024-582FB4F25CD2}.Debug|Any CPU.ActiveCfg = Debug|Any CPU
		{9A0207D4-6246-4E73-8024-582FB4F25CD2}.Debug|Any CPU.Build.0 = Debug|Any CPU
		{9A0207D4-6246-4E73-8024-582FB4F25CD2}.Release|Any CPU.ActiveCfg = Release|Any CPU
		{9A0207D4-6246-4E73-8024-582FB4F25CD2}.Release|Any CPU.Build.0 = Release|Any CPU
	EndGlobalSection
	GlobalSection(SolutionProperties) = preSolution
		HideSolutionNode = FALSE
	EndGlobalSection
	GlobalSection(ExtensibilityGlobals) = postSolution
		SolutionGuid = {6196AE27-E40D-4965-B9FB-C589E195FE6E}
	EndGlobalSection
EndGlobal
