
Microsoft Visual Studio Solution File, Format Version 12.00
# Visual Studio 15
VisualStudioVersion = 15.0.26730.15
MinimumVisualStudioVersion = 10.0.40219.1
Project("{FAE04EC0-301F-11D3-BF4B-00C04F79EFBC}") = "Strings - Ativ 5", "Strings - Ativ 5\Strings - Ativ 5.csproj", "{AAF726ED-0387-43A0-8F68-A404922E7AE2}"
EndProject
Global
	GlobalSection(SolutionConfigurationPlatforms) = preSolution
		Debug|Any CPU = Debug|Any CPU
		Release|Any CPU = Release|Any CPU
	EndGlobalSection
	GlobalSection(ProjectConfigurationPlatforms) = postSolution
		{AAF726ED-0387-43A0-8F68-A404922E7AE2}.Debug|Any CPU.ActiveCfg = Debug|Any CPU
		{AAF726ED-0387-43A0-8F68-A404922E7AE2}.Debug|Any CPU.Build.0 = Debug|Any CPU
		{AAF726ED-0387-43A0-8F68-A404922E7AE2}.Release|Any CPU.ActiveCfg = Release|Any CPU
		{AAF726ED-0387-43A0-8F68-A404922E7AE2}.Release|Any CPU.Build.0 = Release|Any CPU
	EndGlobalSection
	GlobalSection(SolutionProperties) = preSolution
		HideSolutionNode = FALSE
	EndGlobalSection
	GlobalSection(ExtensibilityGlobals) = postSolution
		SolutionGuid = {F0412342-4C2F-405E-9E59-90302DDD4BD1}
	EndGlobalSection
EndGlobal
